{
  "name": "new-project",
  "lockfileVersion": 3,
  "requires": true,
  "packages": {
    "": {
      "devDependencies": {
        "config": "file:../config",
        "link": "file:../link",
        "offline": "file:../offline",
        "typescript": "^5.0.4",
        "ws-client": "file:../ws-client"
      }
    },
    "../config": {
      "dev": true
    },
    "../link": {
      "dev": true
    },
    "../offline": {
      "dev": true
    },
    "../ws-client": {
      "dev": true
    },
    "node_modules/config": {
      "resolved": "../config",
      "link": true
    },
    "node_modules/link": {
      "resolved": "../link",
      "link": true
    },
    "node_modules/offline": {
      "resolved": "../offline",
      "link": true
    },
    "node_modules/typescript": {
      "version": "5.0.4",
      "resolved": "https://registry.npmjs.org/typescript/-/typescript-5.0.4.tgz",
      "integrity": "sha512-cW9T5W9xY37cc+jfEnaUvX91foxtHkza3Nw3wkoF4sSlKn0MONdkdEndig/qPBWXNkmplh3NzayQzCiHM4/hqw==",
      "dev": true,
      "bin": {
        "tsc": "bin/tsc",
        "tsserver": "bin/tsserver"
      },
      "engines": {
        "node": ">=12.20"
      }
    },
    "node_modules/ws-client": {
      "resolved": "../ws-client",
      "link": true
    }
  }
}
