{
  "name": "new-project",
  "lockfileVersion": 3,
  "requires": true,
  "packages": {
    "": {
      "devDependencies": {
        "config": "file:../config",
        "connection-types": "^0.1.0",
        "offline": "file:../offline",
        "typescript": "^5.0.4",
        "ws-client": "file:../ws-client"
      }
    },
    "../config": {
      "dev": true
    },
    "../link": {
      "extraneous": true
    },
    "../offline": {
      "dev": true
    },
    "../ws-client": {
      "dev": true
    },
    "node_modules/config": {
      "resolved": "../config",
      "link": true
    },
    "node_modules/connection-types": {
      "version": "0.1.0",
      "resolved": "https://registry.npmjs.org/connection-types/-/connection-types-0.1.0.tgz",
      "integrity": "sha512-AL9MI5gBVeETnbyO50T31RpeNBwGF8FapaaAXZqYjcuuOPOT676IC0LpVuIrRdujwncYaMpCryyrM/cb8Qlqwg==",
      "dev": true,
      "hasShrinkwrap": true,
      "dependencies": {
        "rxjs": "^7.8.1"
      }
    },
    "node_modules/connection-types/node_modules/rxjs": {
      "version": "7.8.1",
      "resolved": "https://registry.npmjs.org/rxjs/-/rxjs-7.8.1.tgz",
      "integrity": "sha512-AA3TVj+0A2iuIoQkWEK/tqFjBq2j+6PO6Y0zJcvzLAFhEFIO3HL0vls9hWLncZbAAbK0mar7oZ4V079I/qPMxg==",
      "dev": true,
      "dependencies": {
        "tslib": "^2.1.0"
      }
    },
    "node_modules/connection-types/node_modules/tslib": {
      "version": "2.5.2",
      "resolved": "https://registry.npmjs.org/tslib/-/tslib-2.5.2.tgz",
      "integrity": "sha512-5svOrSA2w3iGFDs1HibEVBGbDrAY82bFQ3HZ3ixB+88nsbsWQoKqDRb5UBYAUPEzbBn6dAp5gRNXglySbx1MlA==",
      "dev": true
    },
    "node_modules/connection-types/node_modules/typescript": {
      "version": "5.0.4",
      "resolved": "https://registry.npmjs.org/typescript/-/typescript-5.0.4.tgz",
      "integrity": "sha512-cW9T5W9xY37cc+jfEnaUvX91foxtHkza3Nw3wkoF4sSlKn0MONdkdEndig/qPBWXNkmplh3NzayQzCiHM4/hqw==",
      "extraneous": true,
      "bin": {
        "tsc": "bin/tsc",
        "tsserver": "bin/tsserver"
      },
      "engines": {
        "node": ">=12.20"
      }
    },
    "node_modules/offline": {
      "resolved": "../offline",
      "link": true
    },
    "node_modules/typescript": {
      "version": "5.0.4",
      "resolved": "https://registry.npmjs.org/typescript/-/typescript-5.0.4.tgz",
      "integrity": "sha512-cW9T5W9xY37cc+jfEnaUvX91foxtHkza3Nw3wkoF4sSlKn0MONdkdEndig/qPBWXNkmplh3NzayQzCiHM4/hqw==",
      "dev": true,
      "bin": {
        "tsc": "bin/tsc",
        "tsserver": "bin/tsserver"
      },
      "engines": {
        "node": ">=12.20"
      }
    },
    "node_modules/ws-client": {
      "resolved": "../ws-client",
      "link": true
    }
  }
}
